
Microsoft Visual Studio Solution File, Format Version 12.00
# Visual Studio Version 17
VisualStudioVersion = 17.13.35931.197
MinimumVisualStudioVersion = 10.0.40219.1
Project("{FAE04EC0-301F-11D3-BF4B-00C04F79EFBC}") = "LogAnalyzer.Domain", "LogAnalyzer.Domain\LogAnalyzer.Domain.csproj", "{786889EA-F11D-4EEE-BF21-D8AFDB80BB82}"
EndProject
Project("{FAE04EC0-301F-11D3-BF4B-00C04F79EFBC}") = "LogAnalyzer.Worker", "LogAnalyzer.Worker\LogAnalyzer.Worker.csproj", "{392A36FD-25BB-49A3-A250-A6D9C1FAABD0}"
	ProjectSection(ProjectDependencies) = postProject
		{2015F56A-B79E-4C27-B946-E614F52FB055} = {2015F56A-B79E-4C27-B946-E614F52FB055}
	EndProjectSection
EndProject
Project("{FAE04EC0-301F-11D3-BF4B-00C04F79EFBC}") = "LogAnalyzer.Infrastructure", "LogAnalyzer.Infrastructure\LogAnalyzer.Infrastructure.csproj", "{2015F56A-B79E-4C27-B946-E614F52FB055}"
EndProject
Project("{FAE04EC0-301F-11D3-BF4B-00C04F79EFBC}") = "LogAnalyzer.Application", "LogAnalyzer.Application\LogAnalyzer.Application.csproj", "{BCC88E66-BE0A-44FD-B333-038DEB47A7E2}"
EndProject
Project("{FAE04EC0-301F-11D3-BF4B-00C04F79EFBC}") = "LogAnalyzer.API", "LogAnalyzer.API\LogAnalyzer.API.csproj", "{BF1CF4A1-E327-402E-9264-6FC88CA4E275}"
EndProject
Project("{FAE04EC0-301F-11D3-BF4B-00C04F79EFBC}") = "LogAnalyzer.Tests", "LogAnalyzer.Tests\LogAnalyzer.Tests.csproj", "{B2013A30-CDD6-4E10-AEFE-EF14324B62E4}"
EndProject
Global
	GlobalSection(SolutionConfigurationPlatforms) = preSolution
		Debug|Any CPU = Debug|Any CPU
		Debug|x64 = Debug|x64
		Debug|x86 = Debug|x86
		Release|Any CPU = Release|Any CPU
		Release|x64 = Release|x64
		Release|x86 = Release|x86
	EndGlobalSection
	GlobalSection(ProjectConfigurationPlatforms) = postSolution
		{786889EA-F11D-4EEE-BF21-D8AFDB80BB82}.Debug|Any CPU.ActiveCfg = Debug|Any CPU
		{786889EA-F11D-4EEE-BF21-D8AFDB80BB82}.Debug|Any CPU.Build.0 = Debug|Any CPU
		{786889EA-F11D-4EEE-BF21-D8AFDB80BB82}.Debug|x64.ActiveCfg = Debug|Any CPU
		{786889EA-F11D-4EEE-BF21-D8AFDB80BB82}.Debug|x64.Build.0 = Debug|Any CPU
		{786889EA-F11D-4EEE-BF21-D8AFDB80BB82}.Debug|x86.ActiveCfg = Debug|Any CPU
		{786889EA-F11D-4EEE-BF21-D8AFDB80BB82}.Debug|x86.Build.0 = Debug|Any CPU
		{786889EA-F11D-4EEE-BF21-D8AFDB80BB82}.Release|Any CPU.ActiveCfg = Release|Any CPU
		{786889EA-F11D-4EEE-BF21-D8AFDB80BB82}.Release|Any CPU.Build.0 = Release|Any CPU
		{786889EA-F11D-4EEE-BF21-D8AFDB80BB82}.Release|x64.ActiveCfg = Release|Any CPU
		{786889EA-F11D-4EEE-BF21-D8AFDB80BB82}.Release|x64.Build.0 = Release|Any CPU
		{786889EA-F11D-4EEE-BF21-D8AFDB80BB82}.Release|x86.ActiveCfg = Release|Any CPU
		{786889EA-F11D-4EEE-BF21-D8AFDB80BB82}.Release|x86.Build.0 = Release|Any CPU
		{392A36FD-25BB-49A3-A250-A6D9C1FAABD0}.Debug|Any CPU.ActiveCfg = Debug|Any CPU
		{392A36FD-25BB-49A3-A250-A6D9C1FAABD0}.Debug|Any CPU.Build.0 = Debug|Any CPU
		{392A36FD-25BB-49A3-A250-A6D9C1FAABD0}.Debug|x64.ActiveCfg = Debug|Any CPU
		{392A36FD-25BB-49A3-A250-A6D9C1FAABD0}.Debug|x64.Build.0 = Debug|Any CPU
		{392A36FD-25BB-49A3-A250-A6D9C1FAABD0}.Debug|x86.ActiveCfg = Debug|Any CPU
		{392A36FD-25BB-49A3-A250-A6D9C1FAABD0}.Debug|x86.Build.0 = Debug|Any CPU
		{392A36FD-25BB-49A3-A250-A6D9C1FAABD0}.Release|Any CPU.ActiveCfg = Release|Any CPU
		{392A36FD-25BB-49A3-A250-A6D9C1FAABD0}.Release|Any CPU.Build.0 = Release|Any CPU
		{392A36FD-25BB-49A3-A250-A6D9C1FAABD0}.Release|x64.ActiveCfg = Release|Any CPU
		{392A36FD-25BB-49A3-A250-A6D9C1FAABD0}.Release|x64.Build.0 = Release|Any CPU
		{392A36FD-25BB-49A3-A250-A6D9C1FAABD0}.Release|x86.ActiveCfg = Release|Any CPU
		{392A36FD-25BB-49A3-A250-A6D9C1FAABD0}.Release|x86.Build.0 = Release|Any CPU
		{2015F56A-B79E-4C27-B946-E614F52FB055}.Debug|Any CPU.ActiveCfg = Debug|Any CPU
		{2015F56A-B79E-4C27-B946-E614F52FB055}.Debug|Any CPU.Build.0 = Debug|Any CPU
		{2015F56A-B79E-4C27-B946-E614F52FB055}.Debug|x64.ActiveCfg = Debug|Any CPU
		{2015F56A-B79E-4C27-B946-E614F52FB055}.Debug|x64.Build.0 = Debug|Any CPU
		{2015F56A-B79E-4C27-B946-E614F52FB055}.Debug|x86.ActiveCfg = Debug|Any CPU
		{2015F56A-B79E-4C27-B946-E614F52FB055}.Debug|x86.Build.0 = Debug|Any CPU
		{2015F56A-B79E-4C27-B946-E614F52FB055}.Release|Any CPU.ActiveCfg = Release|Any CPU
		{2015F56A-B79E-4C27-B946-E614F52FB055}.Release|Any CPU.Build.0 = Release|Any CPU
		{2015F56A-B79E-4C27-B946-E614F52FB055}.Release|x64.ActiveCfg = Release|Any CPU
		{2015F56A-B79E-4C27-B946-E614F52FB055}.Release|x64.Build.0 = Release|Any CPU
		{2015F56A-B79E-4C27-B946-E614F52FB055}.Release|x86.ActiveCfg = Release|Any CPU
		{2015F56A-B79E-4C27-B946-E614F52FB055}.Release|x86.Build.0 = Release|Any CPU
		{BCC88E66-BE0A-44FD-B333-038DEB47A7E2}.Debug|Any CPU.ActiveCfg = Debug|Any CPU
		{BCC88E66-BE0A-44FD-B333-038DEB47A7E2}.Debug|Any CPU.Build.0 = Debug|Any CPU
		{BCC88E66-BE0A-44FD-B333-038DEB47A7E2}.Debug|x64.ActiveCfg = Debug|Any CPU
		{BCC88E66-BE0A-44FD-B333-038DEB47A7E2}.Debug|x64.Build.0 = Debug|Any CPU
		{BCC88E66-BE0A-44FD-B333-038DEB47A7E2}.Debug|x86.ActiveCfg = Debug|Any CPU
		{BCC88E66-BE0A-44FD-B333-038DEB47A7E2}.Debug|x86.Build.0 = Debug|Any CPU
		{BCC88E66-BE0A-44FD-B333-038DEB47A7E2}.Release|Any CPU.ActiveCfg = Release|Any CPU
		{BCC88E66-BE0A-44FD-B333-038DEB47A7E2}.Release|Any CPU.Build.0 = Release|Any CPU
		{BCC88E66-BE0A-44FD-B333-038DEB47A7E2}.Release|x64.ActiveCfg = Release|Any CPU
		{BCC88E66-BE0A-44FD-B333-038DEB47A7E2}.Release|x64.Build.0 = Release|Any CPU
		{BCC88E66-BE0A-44FD-B333-038DEB47A7E2}.Release|x86.ActiveCfg = Release|Any CPU
		{BCC88E66-BE0A-44FD-B333-038DEB47A7E2}.Release|x86.Build.0 = Release|Any CPU
		{BF1CF4A1-E327-402E-9264-6FC88CA4E275}.Debug|Any CPU.ActiveCfg = Debug|Any CPU
		{BF1CF4A1-E327-402E-9264-6FC88CA4E275}.Debug|Any CPU.Build.0 = Debug|Any CPU
		{BF1CF4A1-E327-402E-9264-6FC88CA4E275}.Debug|x64.ActiveCfg = Debug|Any CPU
		{BF1CF4A1-E327-402E-9264-6FC88CA4E275}.Debug|x64.Build.0 = Debug|Any CPU
		{BF1CF4A1-E327-402E-9264-6FC88CA4E275}.Debug|x86.ActiveCfg = Debug|Any CPU
		{BF1CF4A1-E327-402E-9264-6FC88CA4E275}.Debug|x86.Build.0 = Debug|Any CPU
		{BF1CF4A1-E327-402E-9264-6FC88CA4E275}.Release|Any CPU.ActiveCfg = Release|Any CPU
		{BF1CF4A1-E327-402E-9264-6FC88CA4E275}.Release|Any CPU.Build.0 = Release|Any CPU
		{BF1CF4A1-E327-402E-9264-6FC88CA4E275}.Release|x64.ActiveCfg = Release|Any CPU
		{BF1CF4A1-E327-402E-9264-6FC88CA4E275}.Release|x64.Build.0 = Release|Any CPU
		{BF1CF4A1-E327-402E-9264-6FC88CA4E275}.Release|x86.ActiveCfg = Release|Any CPU
		{BF1CF4A1-E327-402E-9264-6FC88CA4E275}.Release|x86.Build.0 = Release|Any CPU
		{B2013A30-CDD6-4E10-AEFE-EF14324B62E4}.Debug|Any CPU.ActiveCfg = Debug|Any CPU
		{B2013A30-CDD6-4E10-AEFE-EF14324B62E4}.Debug|Any CPU.Build.0 = Debug|Any CPU
		{B2013A30-CDD6-4E10-AEFE-EF14324B62E4}.Debug|x64.ActiveCfg = Debug|Any CPU
		{B2013A30-CDD6-4E10-AEFE-EF14324B62E4}.Debug|x64.Build.0 = Debug|Any CPU
		{B2013A30-CDD6-4E10-AEFE-EF14324B62E4}.Debug|x86.ActiveCfg = Debug|Any CPU
		{B2013A30-CDD6-4E10-AEFE-EF14324B62E4}.Debug|x86.Build.0 = Debug|Any CPU
		{B2013A30-CDD6-4E10-AEFE-EF14324B62E4}.Release|Any CPU.ActiveCfg = Release|Any CPU
		{B2013A30-CDD6-4E10-AEFE-EF14324B62E4}.Release|Any CPU.Build.0 = Release|Any CPU
		{B2013A30-CDD6-4E10-AEFE-EF14324B62E4}.Release|x64.ActiveCfg = Release|Any CPU
		{B2013A30-CDD6-4E10-AEFE-EF14324B62E4}.Release|x64.Build.0 = Release|Any CPU
		{B2013A30-CDD6-4E10-AEFE-EF14324B62E4}.Release|x86.ActiveCfg = Release|Any CPU
		{B2013A30-CDD6-4E10-AEFE-EF14324B62E4}.Release|x86.Build.0 = Release|Any CPU
	EndGlobalSection
	GlobalSection(SolutionProperties) = preSolution
		HideSolutionNode = FALSE
	EndGlobalSection
	GlobalSection(ExtensibilityGlobals) = postSolution
		SolutionGuid = {9C62F456-4E03-482D-9E64-AF163A7BA112}
	EndGlobalSection
EndGlobal
